
Microsoft Visual Studio Solution File, Format Version 12.00
# Visual Studio Version 17
VisualStudioVersion = 17.11.35312.102
MinimumVisualStudioVersion = 10.0.40219.1
Project("{FAE04EC0-301F-11D3-BF4B-00C04F79EFBC}") = "CualNumeroEsMasGrande", "CualNumeroEsMasGrande\CualNumeroEsMasGrande.csproj", "{1365A27F-3702-4516-8F83-AFAE01979476}"
EndProject
Project("{FAE04EC0-301F-11D3-BF4B-00C04F79EFBC}") = "TresCalificaciones", "TresCalificaciones\TresCalificaciones.csproj", "{A484CE82-DCBB-45EE-8FB8-1530608B6684}"
EndProject
Project("{FAE04EC0-301F-11D3-BF4B-00C04F79EFBC}") = "NivelDePostulantes", "NivelDePostulantes\NivelDePostulantes.csproj", "{23377EB4-34BB-415F-BD0A-8742596A234E}"
EndProject
Global
	GlobalSection(SolutionConfigurationPlatforms) = preSolution
		Debug|Any CPU = Debug|Any CPU
		Release|Any CPU = Release|Any CPU
	EndGlobalSection
	GlobalSection(ProjectConfigurationPlatforms) = postSolution
		{1365A27F-3702-4516-8F83-AFAE01979476}.Debug|Any CPU.ActiveCfg = Debug|Any CPU
		{1365A27F-3702-4516-8F83-AFAE01979476}.Debug|Any CPU.Build.0 = Debug|Any CPU
		{1365A27F-3702-4516-8F83-AFAE01979476}.Release|Any CPU.ActiveCfg = Release|Any CPU
		{1365A27F-3702-4516-8F83-AFAE01979476}.Release|Any CPU.Build.0 = Release|Any CPU
		{A484CE82-DCBB-45EE-8FB8-1530608B6684}.Debug|Any CPU.ActiveCfg = Debug|Any CPU
		{A484CE82-DCBB-45EE-8FB8-1530608B6684}.Debug|Any CPU.Build.0 = Debug|Any CPU
		{A484CE82-DCBB-45EE-8FB8-1530608B6684}.Release|Any CPU.ActiveCfg = Release|Any CPU
		{A484CE82-DCBB-45EE-8FB8-1530608B6684}.Release|Any CPU.Build.0 = Release|Any CPU
		{23377EB4-34BB-415F-BD0A-8742596A234E}.Debug|Any CPU.ActiveCfg = Debug|Any CPU
		{23377EB4-34BB-415F-BD0A-8742596A234E}.Debug|Any CPU.Build.0 = Debug|Any CPU
		{23377EB4-34BB-415F-BD0A-8742596A234E}.Release|Any CPU.ActiveCfg = Release|Any CPU
		{23377EB4-34BB-415F-BD0A-8742596A234E}.Release|Any CPU.Build.0 = Release|Any CPU
	EndGlobalSection
	GlobalSection(SolutionProperties) = preSolution
		HideSolutionNode = FALSE
	EndGlobalSection
	GlobalSection(ExtensibilityGlobals) = postSolution
		SolutionGuid = {2ED334E3-FE52-4081-9964-24C5BA592023}
	EndGlobalSection
EndGlobal
